
Microsoft Visual Studio Solution File, Format Version 12.00
# Visual Studio 15
VisualStudioVersion = 15.0.26430.15
MinimumVisualStudioVersion = 10.0.40219.1
Project("{FAE04EC0-301F-11D3-BF4B-00C04F79EFBC}") = "First", "First\First.csproj", "{512892FE-A67E-434E-9DEF-997178909949}"
EndProject
Project("{FAE04EC0-301F-11D3-BF4B-00C04F79EFBC}") = "WinForm", "WinForm\WinForm.csproj", "{742FC79D-7D40-4425-89F7-598FBAA9D4CD}"
EndProject
Project("{00D1A9C2-B5F0-4AF3-8072-F6C62B433612}") = "DB", "DB\DB.sqlproj", "{0AA47AC4-31C2-438C-868E-AA91B3A40E58}"
EndProject
Project("{FAE04EC0-301F-11D3-BF4B-00C04F79EFBC}") = "Web", "Web\Web.csproj", "{FBA3806A-4CDE-4C19-8337-5EFBDF948978}"
EndProject
Project("{FAE04EC0-301F-11D3-BF4B-00C04F79EFBC}") = "Toobtech", "..\..\Toobtech\Toobtech.csproj", "{9DF7AA72-E619-4D95-AC6C-E5C8EEBF9C97}"
EndProject
Global
	GlobalSection(SolutionConfigurationPlatforms) = preSolution
		Debug|Any CPU = Debug|Any CPU
		Release|Any CPU = Release|Any CPU
	EndGlobalSection
	GlobalSection(ProjectConfigurationPlatforms) = postSolution
		{512892FE-A67E-434E-9DEF-997178909949}.Debug|Any CPU.ActiveCfg = Debug|Any CPU
		{512892FE-A67E-434E-9DEF-997178909949}.Debug|Any CPU.Build.0 = Debug|Any CPU
		{512892FE-A67E-434E-9DEF-997178909949}.Release|Any CPU.ActiveCfg = Release|Any CPU
		{512892FE-A67E-434E-9DEF-997178909949}.Release|Any CPU.Build.0 = Release|Any CPU
		{742FC79D-7D40-4425-89F7-598FBAA9D4CD}.Debug|Any CPU.ActiveCfg = Debug|Any CPU
		{742FC79D-7D40-4425-89F7-598FBAA9D4CD}.Debug|Any CPU.Build.0 = Debug|Any CPU
		{742FC79D-7D40-4425-89F7-598FBAA9D4CD}.Release|Any CPU.ActiveCfg = Release|Any CPU
		{742FC79D-7D40-4425-89F7-598FBAA9D4CD}.Release|Any CPU.Build.0 = Release|Any CPU
		{0AA47AC4-31C2-438C-868E-AA91B3A40E58}.Debug|Any CPU.ActiveCfg = Debug|Any CPU
		{0AA47AC4-31C2-438C-868E-AA91B3A40E58}.Debug|Any CPU.Build.0 = Debug|Any CPU
		{0AA47AC4-31C2-438C-868E-AA91B3A40E58}.Debug|Any CPU.Deploy.0 = Debug|Any CPU
		{0AA47AC4-31C2-438C-868E-AA91B3A40E58}.Release|Any CPU.ActiveCfg = Release|Any CPU
		{0AA47AC4-31C2-438C-868E-AA91B3A40E58}.Release|Any CPU.Build.0 = Release|Any CPU
		{0AA47AC4-31C2-438C-868E-AA91B3A40E58}.Release|Any CPU.Deploy.0 = Release|Any CPU
		{FBA3806A-4CDE-4C19-8337-5EFBDF948978}.Debug|Any CPU.ActiveCfg = Debug|Any CPU
		{FBA3806A-4CDE-4C19-8337-5EFBDF948978}.Debug|Any CPU.Build.0 = Debug|Any CPU
		{FBA3806A-4CDE-4C19-8337-5EFBDF948978}.Release|Any CPU.ActiveCfg = Release|Any CPU
		{FBA3806A-4CDE-4C19-8337-5EFBDF948978}.Release|Any CPU.Build.0 = Release|Any CPU
		{9DF7AA72-E619-4D95-AC6C-E5C8EEBF9C97}.Debug|Any CPU.ActiveCfg = Debug|Any CPU
		{9DF7AA72-E619-4D95-AC6C-E5C8EEBF9C97}.Debug|Any CPU.Build.0 = Debug|Any CPU
		{9DF7AA72-E619-4D95-AC6C-E5C8EEBF9C97}.Release|Any CPU.ActiveCfg = Release|Any CPU
		{9DF7AA72-E619-4D95-AC6C-E5C8EEBF9C97}.Release|Any CPU.Build.0 = Release|Any CPU
	EndGlobalSection
	GlobalSection(SolutionProperties) = preSolution
		HideSolutionNode = FALSE
	EndGlobalSection
	GlobalSection(ExtensibilityGlobals) = postSolution
		SolutionGuid = {65348A13-FCB2-45F4-93C4-7F66A89515F0}
	EndGlobalSection
EndGlobal
